// !$*UTF8*$!
{
	archiveVersion = 1;
	classes = {
	};
	objectVersion = 50;
	objects = {

/* Begin PBXBuildFile section */
		5B0893D3249D5624002A67FC /* WindowManager.swift in Sources */ = {isa = PBXBuildFile; fileRef = 5B0893D2249D5624002A67FC /* WindowManager.swift */; };
		5B0893D5249D5667002A67FC /* WindowMoveCalculator.swift in Sources */ = {isa = PBXBuildFile; fileRef = 5B0893D4249D5667002A67FC /* WindowMoveCalculator.swift */; };
		5B65D9262485207D00C093A3 /* AppDelegate.swift in Sources */ = {isa = PBXBuildFile; fileRef = 5B65D9252485207D00C093A3 /* AppDelegate.swift */; };
		5B65D92A2485207F00C093A3 /* Assets.xcassets in Resources */ = {isa = PBXBuildFile; fileRef = 5B65D9292485207F00C093A3 /* Assets.xcassets */; };
		5B65D9302485207F00C093A3 /* Main.storyboard in Resources */ = {isa = PBXBuildFile; fileRef = 5B65D92E2485207F00C093A3 /* Main.storyboard */; };
		5B65D9412485220000C093A3 /* HotKey.swift in Sources */ = {isa = PBXBuildFile; fileRef = 5B65D9402485220000C093A3 /* HotKey.swift */; };
		5B65D9432485220800C093A3 /* HotKeyController.swift in Sources */ = {isa = PBXBuildFile; fileRef = 5B65D9422485220800C093A3 /* HotKeyController.swift */; };
		5B65D945248527FC00C093A3 /* RequestAccessibilityPrivilegesView.swift in Sources */ = {isa = PBXBuildFile; fileRef = 5B65D944248527FC00C093A3 /* RequestAccessibilityPrivilegesView.swift */; };
		5B65D94B24852D2700C093A3 /* MoveAction.swift in Sources */ = {isa = PBXBuildFile; fileRef = 5B65D94A24852D2700C093A3 /* MoveAction.swift */; };
		5B65D94D24852D5300C093A3 /* LeftHalfCalculator.swift in Sources */ = {isa = PBXBuildFile; fileRef = 5B65D94C24852D5300C093A3 /* LeftHalfCalculator.swift */; };
		5B65D94F24852EFE00C093A3 /* AccessibilityWindow.swift in Sources */ = {isa = PBXBuildFile; fileRef = 5B65D94E24852EFE00C093A3 /* AccessibilityWindow.swift */; };
		5B65D952248530DD00C093A3 /* AXError-Extensions.swift in Sources */ = {isa = PBXBuildFile; fileRef = 5B65D951248530DD00C093A3 /* AXError-Extensions.swift */; };
		5B65D954248532B000C093A3 /* AXValue-Extensions.swift in Sources */ = {isa = PBXBuildFile; fileRef = 5B65D953248532B000C093A3 /* AXValue-Extensions.swift */; };
		5B65D9582485743700C093A3 /* RightHalfCalculator.swift in Sources */ = {isa = PBXBuildFile; fileRef = 5B65D9572485743700C093A3 /* RightHalfCalculator.swift */; };
		5BB55848248798C800D5E822 /* MaximizeCalculator.swift in Sources */ = {isa = PBXBuildFile; fileRef = 5BB55847248798C800D5E822 /* MaximizeCalculator.swift */; };
		5BB5584A2487998700D5E822 /* CenterCalculator.swift in Sources */ = {isa = PBXBuildFile; fileRef = 5BB558492487998700D5E822 /* CenterCalculator.swift */; };
		5BB5584C24879B1700D5E822 /* BottomLeftQuarterCalculator.swift in Sources */ = {isa = PBXBuildFile; fileRef = 5BB5584B24879B1700D5E822 /* BottomLeftQuarterCalculator.swift */; };
		5BB5584E24879B5000D5E822 /* BottomRightQuarterCalculator.swift in Sources */ = {isa = PBXBuildFile; fileRef = 5BB5584D24879B5000D5E822 /* BottomRightQuarterCalculator.swift */; };
		5BB5585024879B7D00D5E822 /* TopLeftQuarterCalculator.swift in Sources */ = {isa = PBXBuildFile; fileRef = 5BB5584F24879B7D00D5E822 /* TopLeftQuarterCalculator.swift */; };
		5BB5585224879B9500D5E822 /* TopRightQuarterCalculator.swift in Sources */ = {isa = PBXBuildFile; fileRef = 5BB5585124879B9500D5E822 /* TopRightQuarterCalculator.swift */; };
		5BE560CE2485938000AD828C /* TopHalfCalculator.swift in Sources */ = {isa = PBXBuildFile; fileRef = 5BE560CD2485938000AD828C /* TopHalfCalculator.swift */; };
		5BE560D0248593A800AD828C /* BottomHalfCalculator.swift in Sources */ = {isa = PBXBuildFile; fileRef = 5BE560CF248593A800AD828C /* BottomHalfCalculator.swift */; };
		5BE560D2248598FD00AD828C /* StatusItem.swift in Sources */ = {isa = PBXBuildFile; fileRef = 5BE560D1248598FD00AD828C /* StatusItem.swift */; };
		5BE560DA2485A28700AD828C /* AppDelegate.swift in Sources */ = {isa = PBXBuildFile; fileRef = 5BE560D92485A28700AD828C /* AppDelegate.swift */; };
		5BE560DE2485A28900AD828C /* Assets.xcassets in Resources */ = {isa = PBXBuildFile; fileRef = 5BE560DD2485A28900AD828C /* Assets.xcassets */; };
		5BE560E42485A28900AD828C /* Main.storyboard in Resources */ = {isa = PBXBuildFile; fileRef = 5BE560E22485A28900AD828C /* Main.storyboard */; };
		5BE560EB2485A31A00AD828C /* WindowingHotKeysLauncher.app in CopyFiles */ = {isa = PBXBuildFile; fileRef = 5BE560D72485A28700AD828C /* WindowingHotKeysLauncher.app */; settings = {ATTRIBUTES = (RemoveHeadersOnCopy, ); }; };
/* End PBXBuildFile section */

/* Begin PBXCopyFilesBuildPhase section */
		5BE560EA2485A2FD00AD828C /* CopyFiles */ = {
			isa = PBXCopyFilesBuildPhase;
			buildActionMask = 2147483647;
			dstPath = Contents/Library/LoginItems;
			dstSubfolderSpec = 1;
			files = (
				5BE560EB2485A31A00AD828C /* WindowingHotKeysLauncher.app in CopyFiles */,
			);
			runOnlyForDeploymentPostprocessing = 0;
		};
/* End PBXCopyFilesBuildPhase section */

/* Begin PBXFileReference section */
		5B0893D2249D5624002A67FC /* WindowManager.swift */ = {isa = PBXFileReference; lastKnownFileType = sourcecode.swift; path = WindowManager.swift; sourceTree = "<group>"; };
		5B0893D4249D5667002A67FC /* WindowMoveCalculator.swift */ = {isa = PBXFileReference; lastKnownFileType = sourcecode.swift; path = WindowMoveCalculator.swift; sourceTree = "<group>"; };
		5B65D9222485207D00C093A3 /* WindowingHotKeys.app */ = {isa = PBXFileReference; explicitFileType = wrapper.application; includeInIndex = 0; path = WindowingHotKeys.app; sourceTree = BUILT_PRODUCTS_DIR; };
		5B65D9252485207D00C093A3 /* AppDelegate.swift */ = {isa = PBXFileReference; lastKnownFileType = sourcecode.swift; path = AppDelegate.swift; sourceTree = "<group>"; };
		5B65D9292485207F00C093A3 /* Assets.xcassets */ = {isa = PBXFileReference; lastKnownFileType = folder.assetcatalog; path = Assets.xcassets; sourceTree = "<group>"; };
		5B65D92F2485207F00C093A3 /* Base */ = {isa = PBXFileReference; lastKnownFileType = file.storyboard; name = Base; path = Base.lproj/Main.storyboard; sourceTree = "<group>"; };
		5B65D9312485207F00C093A3 /* Info.plist */ = {isa = PBXFileReference; lastKnownFileType = text.plist.xml; path = Info.plist; sourceTree = "<group>"; };
		5B65D9322485207F00C093A3 /* WindowingHotKeys.entitlements */ = {isa = PBXFileReference; lastKnownFileType = text.plist.entitlements; path = WindowingHotKeys.entitlements; sourceTree = "<group>"; };
		5B65D9392485210D00C093A3 /* README.md */ = {isa = PBXFileReference; lastKnownFileType = net.daringfireball.markdown; path = README.md; sourceTree = "<group>"; };
		5B65D9402485220000C093A3 /* HotKey.swift */ = {isa = PBXFileReference; lastKnownFileType = sourcecode.swift; path = HotKey.swift; sourceTree = "<group>"; };
		5B65D9422485220800C093A3 /* HotKeyController.swift */ = {isa = PBXFileReference; lastKnownFileType = sourcecode.swift; path = HotKeyController.swift; sourceTree = "<group>"; };
		5B65D944248527FC00C093A3 /* RequestAccessibilityPrivilegesView.swift */ = {isa = PBXFileReference; lastKnownFileType = sourcecode.swift; path = RequestAccessibilityPrivilegesView.swift; sourceTree = "<group>"; };
		5B65D94A24852D2700C093A3 /* MoveAction.swift */ = {isa = PBXFileReference; lastKnownFileType = sourcecode.swift; path = MoveAction.swift; sourceTree = "<group>"; };
		5B65D94C24852D5300C093A3 /* LeftHalfCalculator.swift */ = {isa = PBXFileReference; lastKnownFileType = sourcecode.swift; path = LeftHalfCalculator.swift; sourceTree = "<group>"; };
		5B65D94E24852EFE00C093A3 /* AccessibilityWindow.swift */ = {isa = PBXFileReference; lastKnownFileType = sourcecode.swift; path = AccessibilityWindow.swift; sourceTree = "<group>"; };
		5B65D951248530DD00C093A3 /* AXError-Extensions.swift */ = {isa = PBXFileReference; lastKnownFileType = sourcecode.swift; path = "AXError-Extensions.swift"; sourceTree = "<group>"; };
		5B65D953248532B000C093A3 /* AXValue-Extensions.swift */ = {isa = PBXFileReference; lastKnownFileType = sourcecode.swift; path = "AXValue-Extensions.swift"; sourceTree = "<group>"; };
		5B65D9572485743700C093A3 /* RightHalfCalculator.swift */ = {isa = PBXFileReference; lastKnownFileType = sourcecode.swift; path = RightHalfCalculator.swift; sourceTree = "<group>"; };
		5BB55847248798C800D5E822 /* MaximizeCalculator.swift */ = {isa = PBXFileReference; lastKnownFileType = sourcecode.swift; path = MaximizeCalculator.swift; sourceTree = "<group>"; };
		5BB558492487998700D5E822 /* CenterCalculator.swift */ = {isa = PBXFileReference; lastKnownFileType = sourcecode.swift; path = CenterCalculator.swift; sourceTree = "<group>"; };
		5BB5584B24879B1700D5E822 /* BottomLeftQuarterCalculator.swift */ = {isa = PBXFileReference; lastKnownFileType = sourcecode.swift; path = BottomLeftQuarterCalculator.swift; sourceTree = "<group>"; };
		5BB5584D24879B5000D5E822 /* BottomRightQuarterCalculator.swift */ = {isa = PBXFileReference; lastKnownFileType = sourcecode.swift; path = BottomRightQuarterCalculator.swift; sourceTree = "<group>"; };
		5BB5584F24879B7D00D5E822 /* TopLeftQuarterCalculator.swift */ = {isa = PBXFileReference; lastKnownFileType = sourcecode.swift; path = TopLeftQuarterCalculator.swift; sourceTree = "<group>"; };
		5BB5585124879B9500D5E822 /* TopRightQuarterCalculator.swift */ = {isa = PBXFileReference; lastKnownFileType = sourcecode.swift; path = TopRightQuarterCalculator.swift; sourceTree = "<group>"; };
		5BE560CD2485938000AD828C /* TopHalfCalculator.swift */ = {isa = PBXFileReference; lastKnownFileType = sourcecode.swift; path = TopHalfCalculator.swift; sourceTree = "<group>"; };
		5BE560CF248593A800AD828C /* BottomHalfCalculator.swift */ = {isa = PBXFileReference; lastKnownFileType = sourcecode.swift; path = BottomHalfCalculator.swift; sourceTree = "<group>"; };
		5BE560D1248598FD00AD828C /* StatusItem.swift */ = {isa = PBXFileReference; lastKnownFileType = sourcecode.swift; path = StatusItem.swift; sourceTree = "<group>"; };
		5BE560D72485A28700AD828C /* WindowingHotKeysLauncher.app */ = {isa = PBXFileReference; explicitFileType = wrapper.application; includeInIndex = 0; path = WindowingHotKeysLauncher.app; sourceTree = BUILT_PRODUCTS_DIR; };
		5BE560D92485A28700AD828C /* AppDelegate.swift */ = {isa = PBXFileReference; lastKnownFileType = sourcecode.swift; path = AppDelegate.swift; sourceTree = "<group>"; };
		5BE560DD2485A28900AD828C /* Assets.xcassets */ = {isa = PBXFileReference; lastKnownFileType = folder.assetcatalog; path = Assets.xcassets; sourceTree = "<group>"; };
		5BE560E32485A28900AD828C /* Base */ = {isa = PBXFileReference; lastKnownFileType = file.storyboard; name = Base; path = Base.lproj/Main.storyboard; sourceTree = "<group>"; };
		5BE560E52485A28900AD828C /* Info.plist */ = {isa = PBXFileReference; lastKnownFileType = text.plist.xml; path = Info.plist; sourceTree = "<group>"; };
		5BE560E62485A28900AD828C /* WindowingHotKeysLauncher.entitlements */ = {isa = PBXFileReference; lastKnownFileType = text.plist.entitlements; path = WindowingHotKeysLauncher.entitlements; sourceTree = "<group>"; };
/* End PBXFileReference section */

/* Begin PBXFrameworksBuildPhase section */
		5B65D91F2485207D00C093A3 /* Frameworks */ = {
			isa = PBXFrameworksBuildPhase;
			buildActionMask = 2147483647;
			files = (
			);
			runOnlyForDeploymentPostprocessing = 0;
		};
		5BE560D42485A28700AD828C /* Frameworks */ = {
			isa = PBXFrameworksBuildPhase;
			buildActionMask = 2147483647;
			files = (
			);
			runOnlyForDeploymentPostprocessing = 0;
		};
/* End PBXFrameworksBuildPhase section */

/* Begin PBXGroup section */
		5B65D9192485207D00C093A3 = {
			isa = PBXGroup;
			children = (
				5B65D9392485210D00C093A3 /* README.md */,
				5B65D9242485207D00C093A3 /* WindowingHotKeys */,
				5BE560D82485A28700AD828C /* WindowingHotKeysLauncher */,
				5B65D9232485207D00C093A3 /* Products */,
			);
			sourceTree = "<group>";
		};
		5B65D9232485207D00C093A3 /* Products */ = {
			isa = PBXGroup;
			children = (
				5B65D9222485207D00C093A3 /* WindowingHotKeys.app */,
				5BE560D72485A28700AD828C /* WindowingHotKeysLauncher.app */,
			);
			name = Products;
			sourceTree = "<group>";
		};
		5B65D9242485207D00C093A3 /* WindowingHotKeys */ = {
			isa = PBXGroup;
			children = (
				5B65D950248530CD00C093A3 /* Extensions */,
				5B65D93F248521F500C093A3 /* HotKey */,
				5B65D94924852D1000C093A3 /* Calculators */,
				5B65D94E24852EFE00C093A3 /* AccessibilityWindow.swift */,
				5B65D9252485207D00C093A3 /* AppDelegate.swift */,
				5B65D944248527FC00C093A3 /* RequestAccessibilityPrivilegesView.swift */,
				5BE560D1248598FD00AD828C /* StatusItem.swift */,
				5B65D94A24852D2700C093A3 /* MoveAction.swift */,
				5B0893D4249D5667002A67FC /* WindowMoveCalculator.swift */,
				5B0893D2249D5624002A67FC /* WindowManager.swift */,
				5B65D9292485207F00C093A3 /* Assets.xcassets */,
				5B65D92E2485207F00C093A3 /* Main.storyboard */,
				5B65D9312485207F00C093A3 /* Info.plist */,
				5B65D9322485207F00C093A3 /* WindowingHotKeys.entitlements */,
			);
			path = WindowingHotKeys;
			sourceTree = "<group>";
		};
		5B65D93F248521F500C093A3 /* HotKey */ = {
			isa = PBXGroup;
			children = (
				5B65D9402485220000C093A3 /* HotKey.swift */,
				5B65D9422485220800C093A3 /* HotKeyController.swift */,
			);
			path = HotKey;
			sourceTree = "<group>";
		};
		5B65D94924852D1000C093A3 /* Calculators */ = {
			isa = PBXGroup;
			children = (
				5BE560CD2485938000AD828C /* TopHalfCalculator.swift */,
				5B65D9572485743700C093A3 /* RightHalfCalculator.swift */,
				5BE560CF248593A800AD828C /* BottomHalfCalculator.swift */,
				5B65D94C24852D5300C093A3 /* LeftHalfCalculator.swift */,
				5BB5585124879B9500D5E822 /* TopRightQuarterCalculator.swift */,
				5BB5584D24879B5000D5E822 /* BottomRightQuarterCalculator.swift */,
				5BB5584B24879B1700D5E822 /* BottomLeftQuarterCalculator.swift */,
				5BB5584F24879B7D00D5E822 /* TopLeftQuarterCalculator.swift */,
				5BB55847248798C800D5E822 /* MaximizeCalculator.swift */,
				5BB558492487998700D5E822 /* CenterCalculator.swift */,
			);
			path = Calculators;
			sourceTree = "<group>";
		};
		5B65D950248530CD00C093A3 /* Extensions */ = {
			isa = PBXGroup;
			children = (
				5B65D951248530DD00C093A3 /* AXError-Extensions.swift */,
				5B65D953248532B000C093A3 /* AXValue-Extensions.swift */,
			);
			path = Extensions;
			sourceTree = "<group>";
		};
		5BE560D82485A28700AD828C /* WindowingHotKeysLauncher */ = {
			isa = PBXGroup;
			children = (
				5BE560D92485A28700AD828C /* AppDelegate.swift */,
				5BE560DD2485A28900AD828C /* Assets.xcassets */,
				5BE560E22485A28900AD828C /* Main.storyboard */,
				5BE560E52485A28900AD828C /* Info.plist */,
				5BE560E62485A28900AD828C /* WindowingHotKeysLauncher.entitlements */,
			);
			path = WindowingHotKeysLauncher;
			sourceTree = "<group>";
		};
/* End PBXGroup section */

/* Begin PBXNativeTarget section */
		5B65D9212485207D00C093A3 /* WindowingHotKeys */ = {
			isa = PBXNativeTarget;
			buildConfigurationList = 5B65D9352485207F00C093A3 /* Build configuration list for PBXNativeTarget "WindowingHotKeys" */;
			buildPhases = (
				5B65D91E2485207D00C093A3 /* Sources */,
				5B65D91F2485207D00C093A3 /* Frameworks */,
				5B65D9202485207D00C093A3 /* Resources */,
				5BE560EA2485A2FD00AD828C /* CopyFiles */,
			);
			buildRules = (
			);
			dependencies = (
			);
			name = WindowingHotKeys;
			productName = WindowingHotKeys;
			productReference = 5B65D9222485207D00C093A3 /* WindowingHotKeys.app */;
			productType = "com.apple.product-type.application";
		};
		5BE560D62485A28700AD828C /* WindowingHotKeysLauncher */ = {
			isa = PBXNativeTarget;
			buildConfigurationList = 5BE560E72485A28900AD828C /* Build configuration list for PBXNativeTarget "WindowingHotKeysLauncher" */;
			buildPhases = (
				5BE560D32485A28700AD828C /* Sources */,
				5BE560D42485A28700AD828C /* Frameworks */,
				5BE560D52485A28700AD828C /* Resources */,
			);
			buildRules = (
			);
			dependencies = (
			);
			name = WindowingHotKeysLauncher;
			productName = WindowingHotKeysLauncher;
			productReference = 5BE560D72485A28700AD828C /* WindowingHotKeysLauncher.app */;
			productType = "com.apple.product-type.application";
		};
/* End PBXNativeTarget section */

/* Begin PBXProject section */
		5B65D91A2485207D00C093A3 /* Project object */ = {
			isa = PBXProject;
			attributes = {
				LastSwiftUpdateCheck = 1150;
				LastUpgradeCheck = 1150;
				ORGANIZATIONNAME = "Vegard Skui";
				TargetAttributes = {
					5B65D9212485207D00C093A3 = {
						CreatedOnToolsVersion = 11.5;
					};
					5BE560D62485A28700AD828C = {
						CreatedOnToolsVersion = 11.5;
					};
				};
			};
			buildConfigurationList = 5B65D91D2485207D00C093A3 /* Build configuration list for PBXProject "WindowingHotKeys" */;
			compatibilityVersion = "Xcode 9.3";
			developmentRegion = en;
			hasScannedForEncodings = 0;
			knownRegions = (
				en,
				Base,
			);
			mainGroup = 5B65D9192485207D00C093A3;
			productRefGroup = 5B65D9232485207D00C093A3 /* Products */;
			projectDirPath = "";
			projectRoot = "";
			targets = (
				5B65D9212485207D00C093A3 /* WindowingHotKeys */,
				5BE560D62485A28700AD828C /* WindowingHotKeysLauncher */,
			);
		};
/* End PBXProject section */

/* Begin PBXResourcesBuildPhase section */
		5B65D9202485207D00C093A3 /* Resources */ = {
			isa = PBXResourcesBuildPhase;
			buildActionMask = 2147483647;
			files = (
				5B65D9302485207F00C093A3 /* Main.storyboard in Resources */,
				5B65D92A2485207F00C093A3 /* Assets.xcassets in Resources */,
			);
			runOnlyForDeploymentPostprocessing = 0;
		};
		5BE560D52485A28700AD828C /* Resources */ = {
			isa = PBXResourcesBuildPhase;
			buildActionMask = 2147483647;
			files = (
				5BE560E42485A28900AD828C /* Main.storyboard in Resources */,
				5BE560DE2485A28900AD828C /* Assets.xcassets in Resources */,
			);
			runOnlyForDeploymentPostprocessing = 0;
		};
/* End PBXResourcesBuildPhase section */

/* Begin PBXSourcesBuildPhase section */
		5B65D91E2485207D00C093A3 /* Sources */ = {
			isa = PBXSourcesBuildPhase;
			buildActionMask = 2147483647;
			files = (
				5B65D94B24852D2700C093A3 /* MoveAction.swift in Sources */,
				5BB5585024879B7D00D5E822 /* TopLeftQuarterCalculator.swift in Sources */,
				5BB5584E24879B5000D5E822 /* BottomRightQuarterCalculator.swift in Sources */,
				5B65D945248527FC00C093A3 /* RequestAccessibilityPrivilegesView.swift in Sources */,
				5B0893D5249D5667002A67FC /* WindowMoveCalculator.swift in Sources */,
				5B65D9432485220800C093A3 /* HotKeyController.swift in Sources */,
				5BE560D0248593A800AD828C /* BottomHalfCalculator.swift in Sources */,
				5B65D9262485207D00C093A3 /* AppDelegate.swift in Sources */,
				5BE560D2248598FD00AD828C /* StatusItem.swift in Sources */,
				5B65D94F24852EFE00C093A3 /* AccessibilityWindow.swift in Sources */,
				5B0893D3249D5624002A67FC /* WindowManager.swift in Sources */,
				5BE560CE2485938000AD828C /* TopHalfCalculator.swift in Sources */,
				5B65D952248530DD00C093A3 /* AXError-Extensions.swift in Sources */,
				5BB5585224879B9500D5E822 /* TopRightQuarterCalculator.swift in Sources */,
				5B65D954248532B000C093A3 /* AXValue-Extensions.swift in Sources */,
				5BB5584C24879B1700D5E822 /* BottomLeftQuarterCalculator.swift in Sources */,
				5B65D9412485220000C093A3 /* HotKey.swift in Sources */,
				5BB55848248798C800D5E822 /* MaximizeCalculator.swift in Sources */,
				5B65D94D24852D5300C093A3 /* LeftHalfCalculator.swift in Sources */,
				5BB5584A2487998700D5E822 /* CenterCalculator.swift in Sources */,
				5B65D9582485743700C093A3 /* RightHalfCalculator.swift in Sources */,
			);
			runOnlyForDeploymentPostprocessing = 0;
		};
		5BE560D32485A28700AD828C /* Sources */ = {
			isa = PBXSourcesBuildPhase;
			buildActionMask = 2147483647;
			files = (
				5BE560DA2485A28700AD828C /* AppDelegate.swift in Sources */,
			);
			runOnlyForDeploymentPostprocessing = 0;
		};
/* End PBXSourcesBuildPhase section */

/* Begin PBXVariantGroup section */
		5B65D92E2485207F00C093A3 /* Main.storyboard */ = {
			isa = PBXVariantGroup;
			children = (
				5B65D92F2485207F00C093A3 /* Base */,
			);
			name = Main.storyboard;
			sourceTree = "<group>";
		};
		5BE560E22485A28900AD828C /* Main.storyboard */ = {
			isa = PBXVariantGroup;
			children = (
				5BE560E32485A28900AD828C /* Base */,
			);
			name = Main.storyboard;
			sourceTree = "<group>";
		};
/* End PBXVariantGroup section */

/* Begin XCBuildConfiguration section */
		5B65D9332485207F00C093A3 /* Debug */ = {
			isa = XCBuildConfiguration;
			buildSettings = {
				ALWAYS_SEARCH_USER_PATHS = NO;
				CLANG_ANALYZER_NONNULL = YES;
				CLANG_ANALYZER_NUMBER_OBJECT_CONVERSION = YES_AGGRESSIVE;
				CLANG_CXX_LANGUAGE_STANDARD = "gnu++14";
				CLANG_CXX_LIBRARY = "libc++";
				CLANG_ENABLE_MODULES = YES;
				CLANG_ENABLE_OBJC_ARC = YES;
				CLANG_ENABLE_OBJC_WEAK = YES;
				CLANG_WARN_BLOCK_CAPTURE_AUTORELEASING = YES;
				CLANG_WARN_BOOL_CONVERSION = YES;
				CLANG_WARN_COMMA = YES;
				CLANG_WARN_CONSTANT_CONVERSION = YES;
				CLANG_WARN_DEPRECATED_OBJC_IMPLEMENTATIONS = YES;
				CLANG_WARN_DIRECT_OBJC_ISA_USAGE = YES_ERROR;
				CLANG_WARN_DOCUMENTATION_COMMENTS = YES;
				CLANG_WARN_EMPTY_BODY = YES;
				CLANG_WARN_ENUM_CONVERSION = YES;
				CLANG_WARN_INFINITE_RECURSION = YES;
				CLANG_WARN_INT_CONVERSION = YES;
				CLANG_WARN_NON_LITERAL_NULL_CONVERSION = YES;
				CLANG_WARN_OBJC_IMPLICIT_RETAIN_SELF = YES;
				CLANG_WARN_OBJC_LITERAL_CONVERSION = YES;
				CLANG_WARN_OBJC_ROOT_CLASS = YES_ERROR;
				CLANG_WARN_RANGE_LOOP_ANALYSIS = YES;
				CLANG_WARN_STRICT_PROTOTYPES = YES;
				CLANG_WARN_SUSPICIOUS_MOVE = YES;
				CLANG_WARN_UNGUARDED_AVAILABILITY = YES_AGGRESSIVE;
				CLANG_WARN_UNREACHABLE_CODE = YES;
				CLANG_WARN__DUPLICATE_METHOD_MATCH = YES;
				COPY_PHASE_STRIP = NO;
				DEBUG_INFORMATION_FORMAT = dwarf;
				ENABLE_STRICT_OBJC_MSGSEND = YES;
				ENABLE_TESTABILITY = YES;
				GCC_C_LANGUAGE_STANDARD = gnu11;
				GCC_DYNAMIC_NO_PIC = NO;
				GCC_NO_COMMON_BLOCKS = YES;
				GCC_OPTIMIZATION_LEVEL = 0;
				GCC_PREPROCESSOR_DEFINITIONS = (
					"DEBUG=1",
					"$(inherited)",
				);
				GCC_WARN_64_TO_32_BIT_CONVERSION = YES;
				GCC_WARN_ABOUT_RETURN_TYPE = YES_ERROR;
				GCC_WARN_UNDECLARED_SELECTOR = YES;
				GCC_WARN_UNINITIALIZED_AUTOS = YES_AGGRESSIVE;
				GCC_WARN_UNUSED_FUNCTION = YES;
				GCC_WARN_UNUSED_VARIABLE = YES;
				MACOSX_DEPLOYMENT_TARGET = 10.15;
				MTL_ENABLE_DEBUG_INFO = INCLUDE_SOURCE;
				MTL_FAST_MATH = YES;
				ONLY_ACTIVE_ARCH = YES;
				SDKROOT = macosx;
				SWIFT_ACTIVE_COMPILATION_CONDITIONS = DEBUG;
				SWIFT_OPTIMIZATION_LEVEL = "-Onone";
			};
			name = Debug;
		};
		5B65D9342485207F00C093A3 /* Release */ = {
			isa = XCBuildConfiguration;
			buildSettings = {
				ALWAYS_SEARCH_USER_PATHS = NO;
				CLANG_ANALYZER_NONNULL = YES;
				CLANG_ANALYZER_NUMBER_OBJECT_CONVERSION = YES_AGGRESSIVE;
				CLANG_CXX_LANGUAGE_STANDARD = "gnu++14";
				CLANG_CXX_LIBRARY = "libc++";
				CLANG_ENABLE_MODULES = YES;
				CLANG_ENABLE_OBJC_ARC = YES;
				CLANG_ENABLE_OBJC_WEAK = YES;
				CLANG_WARN_BLOCK_CAPTURE_AUTORELEASING = YES;
				CLANG_WARN_BOOL_CONVERSION = YES;
				CLANG_WARN_COMMA = YES;
				CLANG_WARN_CONSTANT_CONVERSION = YES;
				CLANG_WARN_DEPRECATED_OBJC_IMPLEMENTATIONS = YES;
				CLANG_WARN_DIRECT_OBJC_ISA_USAGE = YES_ERROR;
				CLANG_WARN_DOCUMENTATION_COMMENTS = YES;
				CLANG_WARN_EMPTY_BODY = YES;
				CLANG_WARN_ENUM_CONVERSION = YES;
				CLANG_WARN_INFINITE_RECURSION = YES;
				CLANG_WARN_INT_CONVERSION = YES;
				CLANG_WARN_NON_LITERAL_NULL_CONVERSION = YES;
				CLANG_WARN_OBJC_IMPLICIT_RETAIN_SELF = YES;
				CLANG_WARN_OBJC_LITERAL_CONVERSION = YES;
				CLANG_WARN_OBJC_ROOT_CLASS = YES_ERROR;
				CLANG_WARN_RANGE_LOOP_ANALYSIS = YES;
				CLANG_WARN_STRICT_PROTOTYPES = YES;
				CLANG_WARN_SUSPICIOUS_MOVE = YES;
				CLANG_WARN_UNGUARDED_AVAILABILITY = YES_AGGRESSIVE;
				CLANG_WARN_UNREACHABLE_CODE = YES;
				CLANG_WARN__DUPLICATE_METHOD_MATCH = YES;
				COPY_PHASE_STRIP = NO;
				DEBUG_INFORMATION_FORMAT = "dwarf-with-dsym";
				ENABLE_NS_ASSERTIONS = NO;
				ENABLE_STRICT_OBJC_MSGSEND = YES;
				GCC_C_LANGUAGE_STANDARD = gnu11;
				GCC_NO_COMMON_BLOCKS = YES;
				GCC_WARN_64_TO_32_BIT_CONVERSION = YES;
				GCC_WARN_ABOUT_RETURN_TYPE = YES_ERROR;
				GCC_WARN_UNDECLARED_SELECTOR = YES;
				GCC_WARN_UNINITIALIZED_AUTOS = YES_AGGRESSIVE;
				GCC_WARN_UNUSED_FUNCTION = YES;
				GCC_WARN_UNUSED_VARIABLE = YES;
				MACOSX_DEPLOYMENT_TARGET = 10.15;
				MTL_ENABLE_DEBUG_INFO = NO;
				MTL_FAST_MATH = YES;
				SDKROOT = macosx;
				SWIFT_COMPILATION_MODE = wholemodule;
				SWIFT_OPTIMIZATION_LEVEL = "-O";
			};
			name = Release;
		};
		5B65D9362485207F00C093A3 /* Debug */ = {
			isa = XCBuildConfiguration;
			buildSettings = {
				ASSETCATALOG_COMPILER_APPICON_NAME = AppIcon;
				CODE_SIGN_ENTITLEMENTS = WindowingHotKeys/WindowingHotKeys.entitlements;
				CODE_SIGN_STYLE = Automatic;
				COMBINE_HIDPI_IMAGES = YES;
				DEVELOPMENT_ASSET_PATHS = "";
				DEVELOPMENT_TEAM = DHBK22HHBU;
				ENABLE_HARDENED_RUNTIME = YES;
				ENABLE_PREVIEWS = YES;
				INFOPLIST_FILE = WindowingHotKeys/Info.plist;
				LD_RUNPATH_SEARCH_PATHS = (
					"$(inherited)",
					"@executable_path/../Frameworks",
				);
				MACOSX_DEPLOYMENT_TARGET = 10.15;
				PRODUCT_BUNDLE_IDENTIFIER = com.vegardskui.WindowingHotKeys;
				PRODUCT_NAME = "$(TARGET_NAME)";
				SWIFT_VERSION = 5.0;
			};
			name = Debug;
		};
		5B65D9372485207F00C093A3 /* Release */ = {
			isa = XCBuildConfiguration;
			buildSettings = {
				ASSETCATALOG_COMPILER_APPICON_NAME = AppIcon;
				CODE_SIGN_ENTITLEMENTS = WindowingHotKeys/WindowingHotKeys.entitlements;
				CODE_SIGN_STYLE = Automatic;
				COMBINE_HIDPI_IMAGES = YES;
				DEVELOPMENT_ASSET_PATHS = "";
				DEVELOPMENT_TEAM = DHBK22HHBU;
				ENABLE_HARDENED_RUNTIME = YES;
				ENABLE_PREVIEWS = YES;
				INFOPLIST_FILE = WindowingHotKeys/Info.plist;
				LD_RUNPATH_SEARCH_PATHS = (
					"$(inherited)",
					"@executable_path/../Frameworks",
				);
				MACOSX_DEPLOYMENT_TARGET = 10.15;
				PRODUCT_BUNDLE_IDENTIFIER = com.vegardskui.WindowingHotKeys;
				PRODUCT_NAME = "$(TARGET_NAME)";
				SWIFT_VERSION = 5.0;
			};
			name = Release;
		};
		5BE560E82485A28900AD828C /* Debug */ = {
			isa = XCBuildConfiguration;
			buildSettings = {
				ASSETCATALOG_COMPILER_APPICON_NAME = AppIcon;
				CODE_SIGN_ENTITLEMENTS = WindowingHotKeysLauncher/WindowingHotKeysLauncher.entitlements;
				CODE_SIGN_STYLE = Automatic;
				COMBINE_HIDPI_IMAGES = YES;
				DEVELOPMENT_ASSET_PATHS = "";
				DEVELOPMENT_TEAM = DHBK22HHBU;
				ENABLE_HARDENED_RUNTIME = YES;
				ENABLE_PREVIEWS = YES;
				INFOPLIST_FILE = WindowingHotKeysLauncher/Info.plist;
				LD_RUNPATH_SEARCH_PATHS = (
					"$(inherited)",
					"@executable_path/../Frameworks",
				);
				MACOSX_DEPLOYMENT_TARGET = 10.15;
				PRODUCT_BUNDLE_IDENTIFIER = com.vegardskui.WindowingHotKeysLauncher;
				PRODUCT_NAME = "$(TARGET_NAME)";
				SKIP_INSTALL = YES;
				SWIFT_VERSION = 5.0;
			};
			name = Debug;
		};
		5BE560E92485A28900AD828C /* Release */ = {
			isa = XCBuildConfiguration;
			buildSettings = {
				ASSETCATALOG_COMPILER_APPICON_NAME = AppIcon;
				CODE_SIGN_ENTITLEMENTS = WindowingHotKeysLauncher/WindowingHotKeysLauncher.entitlements;
				CODE_SIGN_STYLE = Automatic;
				COMBINE_HIDPI_IMAGES = YES;
				DEVELOPMENT_ASSET_PATHS = "";
				DEVELOPMENT_TEAM = DHBK22HHBU;
				ENABLE_HARDENED_RUNTIME = YES;
				ENABLE_PREVIEWS = YES;
				INFOPLIST_FILE = WindowingHotKeysLauncher/Info.plist;
				LD_RUNPATH_SEARCH_PATHS = (
					"$(inherited)",
					"@executable_path/../Frameworks",
				);
				MACOSX_DEPLOYMENT_TARGET = 10.15;
				PRODUCT_BUNDLE_IDENTIFIER = com.vegardskui.WindowingHotKeysLauncher;
				PRODUCT_NAME = "$(TARGET_NAME)";
				SKIP_INSTALL = YES;
				SWIFT_VERSION = 5.0;
			};
			name = Release;
		};
/* End XCBuildConfiguration section */

/* Begin XCConfigurationList section */
		5B65D91D2485207D00C093A3 /* Build configuration list for PBXProject "WindowingHotKeys" */ = {
			isa = XCConfigurationList;
			buildConfigurations = (
				5B65D9332485207F00C093A3 /* Debug */,
				5B65D9342485207F00C093A3 /* Release */,
			);
			defaultConfigurationIsVisible = 0;
			defaultConfigurationName = Release;
		};
		5B65D9352485207F00C093A3 /* Build configuration list for PBXNativeTarget "WindowingHotKeys" */ = {
			isa = XCConfigurationList;
			buildConfigurations = (
				5B65D9362485207F00C093A3 /* Debug */,
				5B65D9372485207F00C093A3 /* Release */,
			);
			defaultConfigurationIsVisible = 0;
			defaultConfigurationName = Release;
		};
		5BE560E72485A28900AD828C /* Build configuration list for PBXNativeTarget "WindowingHotKeysLauncher" */ = {
			isa = XCConfigurationList;
			buildConfigurations = (
				5BE560E82485A28900AD828C /* Debug */,
				5BE560E92485A28900AD828C /* Release */,
			);
			defaultConfigurationIsVisible = 0;
			defaultConfigurationName = Release;
		};
/* End XCConfigurationList section */
	};
	rootObject = 5B65D91A2485207D00C093A3 /* Project object */;
}
