// !$*UTF8*$!
{
	archiveVersion = 1;
	classes = {
	};
	objectVersion = 50;
	objects = {

/* Begin PBXBuildFile section */
		5B65D9262485207D00C093A3 /* AppDelegate.swift in Sources */ = {isa = PBXBuildFile; fileRef = 5B65D9252485207D00C093A3 /* AppDelegate.swift */; };
		5B65D92A2485207F00C093A3 /* Assets.xcassets in Resources */ = {isa = PBXBuildFile; fileRef = 5B65D9292485207F00C093A3 /* Assets.xcassets */; };
		5B65D9302485207F00C093A3 /* Main.storyboard in Resources */ = {isa = PBXBuildFile; fileRef = 5B65D92E2485207F00C093A3 /* Main.storyboard */; };
		5B65D9412485220000C093A3 /* HotKey.swift in Sources */ = {isa = PBXBuildFile; fileRef = 5B65D9402485220000C093A3 /* HotKey.swift */; };
		5B65D9432485220800C093A3 /* HotKeyController.swift in Sources */ = {isa = PBXBuildFile; fileRef = 5B65D9422485220800C093A3 /* HotKeyController.swift */; };
		5B65D945248527FC00C093A3 /* RequestAccessibilityPrivilegesView.swift in Sources */ = {isa = PBXBuildFile; fileRef = 5B65D944248527FC00C093A3 /* RequestAccessibilityPrivilegesView.swift */; };
/* End PBXBuildFile section */

/* Begin PBXFileReference section */
		5B65D9222485207D00C093A3 /* WindowingHotKeys.app */ = {isa = PBXFileReference; explicitFileType = wrapper.application; includeInIndex = 0; path = WindowingHotKeys.app; sourceTree = BUILT_PRODUCTS_DIR; };
		5B65D9252485207D00C093A3 /* AppDelegate.swift */ = {isa = PBXFileReference; lastKnownFileType = sourcecode.swift; path = AppDelegate.swift; sourceTree = "<group>"; };
		5B65D9292485207F00C093A3 /* Assets.xcassets */ = {isa = PBXFileReference; lastKnownFileType = folder.assetcatalog; path = Assets.xcassets; sourceTree = "<group>"; };
		5B65D92F2485207F00C093A3 /* Base */ = {isa = PBXFileReference; lastKnownFileType = file.storyboard; name = Base; path = Base.lproj/Main.storyboard; sourceTree = "<group>"; };
		5B65D9312485207F00C093A3 /* Info.plist */ = {isa = PBXFileReference; lastKnownFileType = text.plist.xml; path = Info.plist; sourceTree = "<group>"; };
		5B65D9322485207F00C093A3 /* WindowingHotKeys.entitlements */ = {isa = PBXFileReference; lastKnownFileType = text.plist.entitlements; path = WindowingHotKeys.entitlements; sourceTree = "<group>"; };
		5B65D9392485210D00C093A3 /* README.md */ = {isa = PBXFileReference; lastKnownFileType = net.daringfireball.markdown; path = README.md; sourceTree = "<group>"; };
		5B65D9402485220000C093A3 /* HotKey.swift */ = {isa = PBXFileReference; lastKnownFileType = sourcecode.swift; path = HotKey.swift; sourceTree = "<group>"; };
		5B65D9422485220800C093A3 /* HotKeyController.swift */ = {isa = PBXFileReference; lastKnownFileType = sourcecode.swift; path = HotKeyController.swift; sourceTree = "<group>"; };
		5B65D944248527FC00C093A3 /* RequestAccessibilityPrivilegesView.swift */ = {isa = PBXFileReference; lastKnownFileType = sourcecode.swift; path = RequestAccessibilityPrivilegesView.swift; sourceTree = "<group>"; };
/* End PBXFileReference section */

/* Begin PBXFrameworksBuildPhase section */
		5B65D91F2485207D00C093A3 /* Frameworks */ = {
			isa = PBXFrameworksBuildPhase;
			buildActionMask = 2147483647;
			files = (
			);
			runOnlyForDeploymentPostprocessing = 0;
		};
/* End PBXFrameworksBuildPhase section */

/* Begin PBXGroup section */
		5B65D9192485207D00C093A3 = {
			isa = PBXGroup;
			children = (
				5B65D9392485210D00C093A3 /* README.md */,
				5B65D9242485207D00C093A3 /* WindowingHotKeys */,
				5B65D9232485207D00C093A3 /* Products */,
			);
			sourceTree = "<group>";
		};
		5B65D9232485207D00C093A3 /* Products */ = {
			isa = PBXGroup;
			children = (
				5B65D9222485207D00C093A3 /* WindowingHotKeys.app */,
			);
			name = Products;
			sourceTree = "<group>";
		};
		5B65D9242485207D00C093A3 /* WindowingHotKeys */ = {
			isa = PBXGroup;
			children = (
				5B65D93F248521F500C093A3 /* HotKey */,
				5B65D9252485207D00C093A3 /* AppDelegate.swift */,
				5B65D944248527FC00C093A3 /* RequestAccessibilityPrivilegesView.swift */,
				5B65D9292485207F00C093A3 /* Assets.xcassets */,
				5B65D92E2485207F00C093A3 /* Main.storyboard */,
				5B65D9312485207F00C093A3 /* Info.plist */,
				5B65D9322485207F00C093A3 /* WindowingHotKeys.entitlements */,
			);
			path = WindowingHotKeys;
			sourceTree = "<group>";
		};
		5B65D93F248521F500C093A3 /* HotKey */ = {
			isa = PBXGroup;
			children = (
				5B65D9402485220000C093A3 /* HotKey.swift */,
				5B65D9422485220800C093A3 /* HotKeyController.swift */,
			);
			path = HotKey;
			sourceTree = "<group>";
		};
/* End PBXGroup section */

/* Begin PBXNativeTarget section */
		5B65D9212485207D00C093A3 /* WindowingHotKeys */ = {
			isa = PBXNativeTarget;
			buildConfigurationList = 5B65D9352485207F00C093A3 /* Build configuration list for PBXNativeTarget "WindowingHotKeys" */;
			buildPhases = (
				5B65D91E2485207D00C093A3 /* Sources */,
				5B65D91F2485207D00C093A3 /* Frameworks */,
				5B65D9202485207D00C093A3 /* Resources */,
			);
			buildRules = (
			);
			dependencies = (
			);
			name = WindowingHotKeys;
			productName = WindowingHotKeys;
			productReference = 5B65D9222485207D00C093A3 /* WindowingHotKeys.app */;
			productType = "com.apple.product-type.application";
		};
/* End PBXNativeTarget section */

/* Begin PBXProject section */
		5B65D91A2485207D00C093A3 /* Project object */ = {
			isa = PBXProject;
			attributes = {
				LastSwiftUpdateCheck = 1150;
				LastUpgradeCheck = 1150;
				ORGANIZATIONNAME = "Vegard Skui";
				TargetAttributes = {
					5B65D9212485207D00C093A3 = {
						CreatedOnToolsVersion = 11.5;
					};
				};
			};
			buildConfigurationList = 5B65D91D2485207D00C093A3 /* Build configuration list for PBXProject "WindowingHotKeys" */;
			compatibilityVersion = "Xcode 9.3";
			developmentRegion = en;
			hasScannedForEncodings = 0;
			knownRegions = (
				en,
				Base,
			);
			mainGroup = 5B65D9192485207D00C093A3;
			productRefGroup = 5B65D9232485207D00C093A3 /* Products */;
			projectDirPath = "";
			projectRoot = "";
			targets = (
				5B65D9212485207D00C093A3 /* WindowingHotKeys */,
			);
		};
/* End PBXProject section */

/* Begin PBXResourcesBuildPhase section */
		5B65D9202485207D00C093A3 /* Resources */ = {
			isa = PBXResourcesBuildPhase;
			buildActionMask = 2147483647;
			files = (
				5B65D9302485207F00C093A3 /* Main.storyboard in Resources */,
				5B65D92A2485207F00C093A3 /* Assets.xcassets in Resources */,
			);
			runOnlyForDeploymentPostprocessing = 0;
		};
/* End PBXResourcesBuildPhase section */

/* Begin PBXSourcesBuildPhase section */
		5B65D91E2485207D00C093A3 /* Sources */ = {
			isa = PBXSourcesBuildPhase;
			buildActionMask = 2147483647;
			files = (
				5B65D945248527FC00C093A3 /* RequestAccessibilityPrivilegesView.swift in Sources */,
				5B65D9432485220800C093A3 /* HotKeyController.swift in Sources */,
				5B65D9262485207D00C093A3 /* AppDelegate.swift in Sources */,
				5B65D9412485220000C093A3 /* HotKey.swift in Sources */,
			);
			runOnlyForDeploymentPostprocessing = 0;
		};
/* End PBXSourcesBuildPhase section */

/* Begin PBXVariantGroup section */
		5B65D92E2485207F00C093A3 /* Main.storyboard */ = {
			isa = PBXVariantGroup;
			children = (
				5B65D92F2485207F00C093A3 /* Base */,
			);
			name = Main.storyboard;
			sourceTree = "<group>";
		};
/* End PBXVariantGroup section */

/* Begin XCBuildConfiguration section */
		5B65D9332485207F00C093A3 /* Debug */ = {
			isa = XCBuildConfiguration;
			buildSettings = {
				ALWAYS_SEARCH_USER_PATHS = NO;
				CLANG_ANALYZER_NONNULL = YES;
				CLANG_ANALYZER_NUMBER_OBJECT_CONVERSION = YES_AGGRESSIVE;
				CLANG_CXX_LANGUAGE_STANDARD = "gnu++14";
				CLANG_CXX_LIBRARY = "libc++";
				CLANG_ENABLE_MODULES = YES;
				CLANG_ENABLE_OBJC_ARC = YES;
				CLANG_ENABLE_OBJC_WEAK = YES;
				CLANG_WARN_BLOCK_CAPTURE_AUTORELEASING = YES;
				CLANG_WARN_BOOL_CONVERSION = YES;
				CLANG_WARN_COMMA = YES;
				CLANG_WARN_CONSTANT_CONVERSION = YES;
				CLANG_WARN_DEPRECATED_OBJC_IMPLEMENTATIONS = YES;
				CLANG_WARN_DIRECT_OBJC_ISA_USAGE = YES_ERROR;
				CLANG_WARN_DOCUMENTATION_COMMENTS = YES;
				CLANG_WARN_EMPTY_BODY = YES;
				CLANG_WARN_ENUM_CONVERSION = YES;
				CLANG_WARN_INFINITE_RECURSION = YES;
				CLANG_WARN_INT_CONVERSION = YES;
				CLANG_WARN_NON_LITERAL_NULL_CONVERSION = YES;
				CLANG_WARN_OBJC_IMPLICIT_RETAIN_SELF = YES;
				CLANG_WARN_OBJC_LITERAL_CONVERSION = YES;
				CLANG_WARN_OBJC_ROOT_CLASS = YES_ERROR;
				CLANG_WARN_RANGE_LOOP_ANALYSIS = YES;
				CLANG_WARN_STRICT_PROTOTYPES = YES;
				CLANG_WARN_SUSPICIOUS_MOVE = YES;
				CLANG_WARN_UNGUARDED_AVAILABILITY = YES_AGGRESSIVE;
				CLANG_WARN_UNREACHABLE_CODE = YES;
				CLANG_WARN__DUPLICATE_METHOD_MATCH = YES;
				COPY_PHASE_STRIP = NO;
				DEBUG_INFORMATION_FORMAT = dwarf;
				ENABLE_STRICT_OBJC_MSGSEND = YES;
				ENABLE_TESTABILITY = YES;
				GCC_C_LANGUAGE_STANDARD = gnu11;
				GCC_DYNAMIC_NO_PIC = NO;
				GCC_NO_COMMON_BLOCKS = YES;
				GCC_OPTIMIZATION_LEVEL = 0;
				GCC_PREPROCESSOR_DEFINITIONS = (
					"DEBUG=1",
					"$(inherited)",
				);
				GCC_WARN_64_TO_32_BIT_CONVERSION = YES;
				GCC_WARN_ABOUT_RETURN_TYPE = YES_ERROR;
				GCC_WARN_UNDECLARED_SELECTOR = YES;
				GCC_WARN_UNINITIALIZED_AUTOS = YES_AGGRESSIVE;
				GCC_WARN_UNUSED_FUNCTION = YES;
				GCC_WARN_UNUSED_VARIABLE = YES;
				MACOSX_DEPLOYMENT_TARGET = 10.15;
				MTL_ENABLE_DEBUG_INFO = INCLUDE_SOURCE;
				MTL_FAST_MATH = YES;
				ONLY_ACTIVE_ARCH = YES;
				SDKROOT = macosx;
				SWIFT_ACTIVE_COMPILATION_CONDITIONS = DEBUG;
				SWIFT_OPTIMIZATION_LEVEL = "-Onone";
			};
			name = Debug;
		};
		5B65D9342485207F00C093A3 /* Release */ = {
			isa = XCBuildConfiguration;
			buildSettings = {
				ALWAYS_SEARCH_USER_PATHS = NO;
				CLANG_ANALYZER_NONNULL = YES;
				CLANG_ANALYZER_NUMBER_OBJECT_CONVERSION = YES_AGGRESSIVE;
				CLANG_CXX_LANGUAGE_STANDARD = "gnu++14";
				CLANG_CXX_LIBRARY = "libc++";
				CLANG_ENABLE_MODULES = YES;
				CLANG_ENABLE_OBJC_ARC = YES;
				CLANG_ENABLE_OBJC_WEAK = YES;
				CLANG_WARN_BLOCK_CAPTURE_AUTORELEASING = YES;
				CLANG_WARN_BOOL_CONVERSION = YES;
				CLANG_WARN_COMMA = YES;
				CLANG_WARN_CONSTANT_CONVERSION = YES;
				CLANG_WARN_DEPRECATED_OBJC_IMPLEMENTATIONS = YES;
				CLANG_WARN_DIRECT_OBJC_ISA_USAGE = YES_ERROR;
				CLANG_WARN_DOCUMENTATION_COMMENTS = YES;
				CLANG_WARN_EMPTY_BODY = YES;
				CLANG_WARN_ENUM_CONVERSION = YES;
				CLANG_WARN_INFINITE_RECURSION = YES;
				CLANG_WARN_INT_CONVERSION = YES;
				CLANG_WARN_NON_LITERAL_NULL_CONVERSION = YES;
				CLANG_WARN_OBJC_IMPLICIT_RETAIN_SELF = YES;
				CLANG_WARN_OBJC_LITERAL_CONVERSION = YES;
				CLANG_WARN_OBJC_ROOT_CLASS = YES_ERROR;
				CLANG_WARN_RANGE_LOOP_ANALYSIS = YES;
				CLANG_WARN_STRICT_PROTOTYPES = YES;
				CLANG_WARN_SUSPICIOUS_MOVE = YES;
				CLANG_WARN_UNGUARDED_AVAILABILITY = YES_AGGRESSIVE;
				CLANG_WARN_UNREACHABLE_CODE = YES;
				CLANG_WARN__DUPLICATE_METHOD_MATCH = YES;
				COPY_PHASE_STRIP = NO;
				DEBUG_INFORMATION_FORMAT = "dwarf-with-dsym";
				ENABLE_NS_ASSERTIONS = NO;
				ENABLE_STRICT_OBJC_MSGSEND = YES;
				GCC_C_LANGUAGE_STANDARD = gnu11;
				GCC_NO_COMMON_BLOCKS = YES;
				GCC_WARN_64_TO_32_BIT_CONVERSION = YES;
				GCC_WARN_ABOUT_RETURN_TYPE = YES_ERROR;
				GCC_WARN_UNDECLARED_SELECTOR = YES;
				GCC_WARN_UNINITIALIZED_AUTOS = YES_AGGRESSIVE;
				GCC_WARN_UNUSED_FUNCTION = YES;
				GCC_WARN_UNUSED_VARIABLE = YES;
				MACOSX_DEPLOYMENT_TARGET = 10.15;
				MTL_ENABLE_DEBUG_INFO = NO;
				MTL_FAST_MATH = YES;
				SDKROOT = macosx;
				SWIFT_COMPILATION_MODE = wholemodule;
				SWIFT_OPTIMIZATION_LEVEL = "-O";
			};
			name = Release;
		};
		5B65D9362485207F00C093A3 /* Debug */ = {
			isa = XCBuildConfiguration;
			buildSettings = {
				ASSETCATALOG_COMPILER_APPICON_NAME = AppIcon;
				CODE_SIGN_ENTITLEMENTS = WindowingHotKeys/WindowingHotKeys.entitlements;
				CODE_SIGN_STYLE = Automatic;
				COMBINE_HIDPI_IMAGES = YES;
				DEVELOPMENT_ASSET_PATHS = "";
				DEVELOPMENT_TEAM = DHBK22HHBU;
				ENABLE_HARDENED_RUNTIME = YES;
				ENABLE_PREVIEWS = YES;
				INFOPLIST_FILE = WindowingHotKeys/Info.plist;
				LD_RUNPATH_SEARCH_PATHS = (
					"$(inherited)",
					"@executable_path/../Frameworks",
				);
				MACOSX_DEPLOYMENT_TARGET = 10.15;
				PRODUCT_BUNDLE_IDENTIFIER = com.vegardskui.WindowingHotKeys;
				PRODUCT_NAME = "$(TARGET_NAME)";
				SWIFT_VERSION = 5.0;
			};
			name = Debug;
		};
		5B65D9372485207F00C093A3 /* Release */ = {
			isa = XCBuildConfiguration;
			buildSettings = {
				ASSETCATALOG_COMPILER_APPICON_NAME = AppIcon;
				CODE_SIGN_ENTITLEMENTS = WindowingHotKeys/WindowingHotKeys.entitlements;
				CODE_SIGN_STYLE = Automatic;
				COMBINE_HIDPI_IMAGES = YES;
				DEVELOPMENT_ASSET_PATHS = "";
				DEVELOPMENT_TEAM = DHBK22HHBU;
				ENABLE_HARDENED_RUNTIME = YES;
				ENABLE_PREVIEWS = YES;
				INFOPLIST_FILE = WindowingHotKeys/Info.plist;
				LD_RUNPATH_SEARCH_PATHS = (
					"$(inherited)",
					"@executable_path/../Frameworks",
				);
				MACOSX_DEPLOYMENT_TARGET = 10.15;
				PRODUCT_BUNDLE_IDENTIFIER = com.vegardskui.WindowingHotKeys;
				PRODUCT_NAME = "$(TARGET_NAME)";
				SWIFT_VERSION = 5.0;
			};
			name = Release;
		};
/* End XCBuildConfiguration section */

/* Begin XCConfigurationList section */
		5B65D91D2485207D00C093A3 /* Build configuration list for PBXProject "WindowingHotKeys" */ = {
			isa = XCConfigurationList;
			buildConfigurations = (
				5B65D9332485207F00C093A3 /* Debug */,
				5B65D9342485207F00C093A3 /* Release */,
			);
			defaultConfigurationIsVisible = 0;
			defaultConfigurationName = Release;
		};
		5B65D9352485207F00C093A3 /* Build configuration list for PBXNativeTarget "WindowingHotKeys" */ = {
			isa = XCConfigurationList;
			buildConfigurations = (
				5B65D9362485207F00C093A3 /* Debug */,
				5B65D9372485207F00C093A3 /* Release */,
			);
			defaultConfigurationIsVisible = 0;
			defaultConfigurationName = Release;
		};
/* End XCConfigurationList section */
	};
	rootObject = 5B65D91A2485207D00C093A3 /* Project object */;
}
